version: 2.0
shards:
  db:
    git: https://github.com/crystal-lang/crystal-db.git
    version: 0.14.0

  pg:
    git: https://github.com/will/crystal-pg.git
    version: 0.30.0+git.commit.9ce74e0c72b93a7c4ceca8b2f6fee00038108c74

  sqlite3:
    git: https://github.com/crystal-lang/crystal-sqlite3.git
    version: 0.22.0

